
Microsoft Visual Studio Solution File, Format Version 12.00
# Visual Studio 15
VisualStudioVersion = 15.0.26730.15
MinimumVisualStudioVersion = 10.0.40219.1
Project("{FAE04EC0-301F-11D3-BF4B-00C04F79EFBC}") = "Conestoga Virtual Game Store", "Conestoga Virtual Game Store\Conestoga Virtual Game Store.csproj", "{3C5249E2-F390-4E8F-9BC5-3B5235BA4F57}"
EndProject
Project("{FAE04EC0-301F-11D3-BF4B-00C04F79EFBC}") = "Conestoga Virtual Game Store.Tests", "Conestoga Virtual Game Store.Tests\Conestoga Virtual Game Store.Tests.csproj", "{43D3C815-EFBE-4C5B-88EE-7276DF92DF9A}"
EndProject
Global
	GlobalSection(SolutionConfigurationPlatforms) = preSolution
		Debug|Any CPU = Debug|Any CPU
		Release|Any CPU = Release|Any CPU
	EndGlobalSection
	GlobalSection(ProjectConfigurationPlatforms) = postSolution
		{3C5249E2-F390-4E8F-9BC5-3B5235BA4F57}.Debug|Any CPU.ActiveCfg = Debug|Any CPU
		{3C5249E2-F390-4E8F-9BC5-3B5235BA4F57}.Debug|Any CPU.Build.0 = Debug|Any CPU
		{3C5249E2-F390-4E8F-9BC5-3B5235BA4F57}.Release|Any CPU.ActiveCfg = Release|Any CPU
		{3C5249E2-F390-4E8F-9BC5-3B5235BA4F57}.Release|Any CPU.Build.0 = Release|Any CPU
		{43D3C815-EFBE-4C5B-88EE-7276DF92DF9A}.Debug|Any CPU.ActiveCfg = Debug|Any CPU
		{43D3C815-EFBE-4C5B-88EE-7276DF92DF9A}.Debug|Any CPU.Build.0 = Debug|Any CPU
		{43D3C815-EFBE-4C5B-88EE-7276DF92DF9A}.Release|Any CPU.ActiveCfg = Release|Any CPU
		{43D3C815-EFBE-4C5B-88EE-7276DF92DF9A}.Release|Any CPU.Build.0 = Release|Any CPU
	EndGlobalSection
	GlobalSection(SolutionProperties) = preSolution
		HideSolutionNode = FALSE
	EndGlobalSection
	GlobalSection(ExtensibilityGlobals) = postSolution
		SolutionGuid = {4DB78114-2173-4C77-B951-9B6AB57F7007}
	EndGlobalSection
EndGlobal
